
Microsoft Visual Studio Solution File, Format Version 12.00
# Visual Studio Version 16
VisualStudioVersion = 16.0.35425.106
MinimumVisualStudioVersion = 10.0.40219.1
Project("{FAE04EC0-301F-11D3-BF4B-00C04F79EFBC}") = "JsonToCsv", "JsonToCsv\JsonToCsv.csproj", "{3DCD1ECF-DD94-4D3C-A1E8-93B1BC599483}"
EndProject
Global
	GlobalSection(SolutionConfigurationPlatforms) = preSolution
		Debug|Any CPU = Debug|Any CPU
		Release|Any CPU = Release|Any CPU
	EndGlobalSection
	GlobalSection(ProjectConfigurationPlatforms) = postSolution
		{3DCD1ECF-DD94-4D3C-A1E8-93B1BC599483}.Debug|Any CPU.ActiveCfg = Debug|Any CPU
		{3DCD1ECF-DD94-4D3C-A1E8-93B1BC599483}.Debug|Any CPU.Build.0 = Debug|Any CPU
		{3DCD1ECF-DD94-4D3C-A1E8-93B1BC599483}.Release|Any CPU.ActiveCfg = Release|Any CPU
		{3DCD1ECF-DD94-4D3C-A1E8-93B1BC599483}.Release|Any CPU.Build.0 = Release|Any CPU
	EndGlobalSection
	GlobalSection(SolutionProperties) = preSolution
		HideSolutionNode = FALSE
	EndGlobalSection
	GlobalSection(ExtensibilityGlobals) = postSolution
		SolutionGuid = {DB9B4BCC-8B17-41DF-9516-C77ED0A53D97}
	EndGlobalSection
EndGlobal
